
Microsoft Visual Studio Solution File, Format Version 12.00
# Visual Studio 15
VisualStudioVersion = 15.0.28307.489
MinimumVisualStudioVersion = 10.0.40219.1
Project("{FAE04EC0-301F-11D3-BF4B-00C04F79EFBC}") = "JealTest", "ConsoleApp1\JealTest.csproj", "{3E9A9D28-13BF-4CFD-B460-CCE84F60ED7C}"
EndProject
Project("{FAE04EC0-301F-11D3-BF4B-00C04F79EFBC}") = "UnitTest", "UnitTest\UnitTest.csproj", "{D4C4B554-B8BC-4CD6-AF42-CED3E53FECD5}"
EndProject
Global
	GlobalSection(SolutionConfigurationPlatforms) = preSolution
		Debug|Any CPU = Debug|Any CPU
		Release|Any CPU = Release|Any CPU
	EndGlobalSection
	GlobalSection(ProjectConfigurationPlatforms) = postSolution
		{3E9A9D28-13BF-4CFD-B460-CCE84F60ED7C}.Debug|Any CPU.ActiveCfg = Debug|Any CPU
		{3E9A9D28-13BF-4CFD-B460-CCE84F60ED7C}.Debug|Any CPU.Build.0 = Debug|Any CPU
		{3E9A9D28-13BF-4CFD-B460-CCE84F60ED7C}.Release|Any CPU.ActiveCfg = Release|Any CPU
		{3E9A9D28-13BF-4CFD-B460-CCE84F60ED7C}.Release|Any CPU.Build.0 = Release|Any CPU
		{D4C4B554-B8BC-4CD6-AF42-CED3E53FECD5}.Debug|Any CPU.ActiveCfg = Debug|Any CPU
		{D4C4B554-B8BC-4CD6-AF42-CED3E53FECD5}.Debug|Any CPU.Build.0 = Debug|Any CPU
		{D4C4B554-B8BC-4CD6-AF42-CED3E53FECD5}.Release|Any CPU.ActiveCfg = Release|Any CPU
		{D4C4B554-B8BC-4CD6-AF42-CED3E53FECD5}.Release|Any CPU.Build.0 = Release|Any CPU
	EndGlobalSection
	GlobalSection(SolutionProperties) = preSolution
		HideSolutionNode = FALSE
	EndGlobalSection
	GlobalSection(ExtensibilityGlobals) = postSolution
		SolutionGuid = {09D6898A-31BC-4E9B-87E5-9AF0955F61C7}
	EndGlobalSection
EndGlobal
